
Microsoft Visual Studio Solution File, Format Version 12.00
# Visual Studio Version 17
VisualStudioVersion = 17.0.31919.166
MinimumVisualStudioVersion = 10.0.40219.1
Project("{FAE04EC0-301F-11D3-BF4B-00C04F79EFBC}") = "LuxoftTestTask_VeronikaRybka", "LuxoftTestTask_VeronikaRybka\LuxoftTestTask_VeronikaRybka.csproj", "{7095F9DA-606B-416A-B2C0-640FD909B05C}"
EndProject
Global
	GlobalSection(SolutionConfigurationPlatforms) = preSolution
		Debug|Any CPU = Debug|Any CPU
		Release|Any CPU = Release|Any CPU
	EndGlobalSection
	GlobalSection(ProjectConfigurationPlatforms) = postSolution
		{7095F9DA-606B-416A-B2C0-640FD909B05C}.Debug|Any CPU.ActiveCfg = Debug|Any CPU
		{7095F9DA-606B-416A-B2C0-640FD909B05C}.Debug|Any CPU.Build.0 = Debug|Any CPU
		{7095F9DA-606B-416A-B2C0-640FD909B05C}.Release|Any CPU.ActiveCfg = Release|Any CPU
		{7095F9DA-606B-416A-B2C0-640FD909B05C}.Release|Any CPU.Build.0 = Release|Any CPU
	EndGlobalSection
	GlobalSection(SolutionProperties) = preSolution
		HideSolutionNode = FALSE
	EndGlobalSection
	GlobalSection(ExtensibilityGlobals) = postSolution
		SolutionGuid = {89FCAE42-3674-4A89-92F6-9E20EF1B49C8}
	EndGlobalSection
EndGlobal
